
Microsoft Visual Studio Solution File, Format Version 12.00
# Visual Studio Version 17
VisualStudioVersion = 17.4.33110.190
MinimumVisualStudioVersion = 10.0.40219.1
Project("{FAE04EC0-301F-11D3-BF4B-00C04F79EFBC}") = "ConfigurationExercise", "ConfigurationExercise\ConfigurationExercise.csproj", "{0A3E91C2-089B-40BD-8B8B-29C58DD7B6D6}"
EndProject
Global
	GlobalSection(SolutionConfigurationPlatforms) = preSolution
		Debug|Any CPU = Debug|Any CPU
		Release|Any CPU = Release|Any CPU
	EndGlobalSection
	GlobalSection(ProjectConfigurationPlatforms) = postSolution
		{0A3E91C2-089B-40BD-8B8B-29C58DD7B6D6}.Debug|Any CPU.ActiveCfg = Debug|Any CPU
		{0A3E91C2-089B-40BD-8B8B-29C58DD7B6D6}.Debug|Any CPU.Build.0 = Debug|Any CPU
		{0A3E91C2-089B-40BD-8B8B-29C58DD7B6D6}.Release|Any CPU.ActiveCfg = Release|Any CPU
		{0A3E91C2-089B-40BD-8B8B-29C58DD7B6D6}.Release|Any CPU.Build.0 = Release|Any CPU
	EndGlobalSection
	GlobalSection(SolutionProperties) = preSolution
		HideSolutionNode = FALSE
	EndGlobalSection
	GlobalSection(ExtensibilityGlobals) = postSolution
		SolutionGuid = {91B79BDC-3DB0-4606-A4C5-68E93B06DEB5}
	EndGlobalSection
EndGlobal
